
Microsoft Visual Studio Solution File, Format Version 12.00
# Visual Studio Version 17
VisualStudioVersion = 17.11.35327.3
MinimumVisualStudioVersion = 10.0.40219.1
Project("{FAE04EC0-301F-11D3-BF4B-00C04F79EFBC}") = "InformationSecurity", "InformationSecurity.csproj", "{06FEF120-DDD8-4430-970B-CC50CD37E552}"
EndProject
Global
	GlobalSection(SolutionConfigurationPlatforms) = preSolution
		Debug|Any CPU = Debug|Any CPU
		Release|Any CPU = Release|Any CPU
	EndGlobalSection
	GlobalSection(ProjectConfigurationPlatforms) = postSolution
		{06FEF120-DDD8-4430-970B-CC50CD37E552}.Debug|Any CPU.ActiveCfg = Debug|Any CPU
		{06FEF120-DDD8-4430-970B-CC50CD37E552}.Debug|Any CPU.Build.0 = Debug|Any CPU
		{06FEF120-DDD8-4430-970B-CC50CD37E552}.Release|Any CPU.ActiveCfg = Release|Any CPU
		{06FEF120-DDD8-4430-970B-CC50CD37E552}.Release|Any CPU.Build.0 = Release|Any CPU
	EndGlobalSection
	GlobalSection(SolutionProperties) = preSolution
		HideSolutionNode = FALSE
	EndGlobalSection
	GlobalSection(ExtensibilityGlobals) = postSolution
		SolutionGuid = {50AD1C82-AADA-4145-BBCB-7B3522915B7F}
	EndGlobalSection
EndGlobal
